
Microsoft Visual Studio Solution File, Format Version 12.00
# Visual Studio Version 17
VisualStudioVersion = 17.14.36915.13 d17.14
MinimumVisualStudioVersion = 10.0.40219.1
Project("{FAE04EC0-301F-11D3-BF4B-00C04F79EFBC}") = "TestDatabricksODBC", "TestDatabricksODBC\TestDatabricksODBC.csproj", "{356F1D61-F274-4BED-9C51-4C64545F5A0C}"
EndProject
Project("{2150E333-8FDC-42A3-9474-1A3956D46DE8}") = "Doc", "Doc", "{02EA681E-C7D8-13C7-8484-4AC65E1B71E8}"
	ProjectSection(SolutionItems) = preProject
		README.md = README.md
	EndProjectSection
EndProject
Global
	GlobalSection(SolutionConfigurationPlatforms) = preSolution
		Debug|Any CPU = Debug|Any CPU
		Release|Any CPU = Release|Any CPU
	EndGlobalSection
	GlobalSection(ProjectConfigurationPlatforms) = postSolution
		{356F1D61-F274-4BED-9C51-4C64545F5A0C}.Debug|Any CPU.ActiveCfg = Debug|Any CPU
		{356F1D61-F274-4BED-9C51-4C64545F5A0C}.Debug|Any CPU.Build.0 = Debug|Any CPU
		{356F1D61-F274-4BED-9C51-4C64545F5A0C}.Release|Any CPU.ActiveCfg = Release|Any CPU
		{356F1D61-F274-4BED-9C51-4C64545F5A0C}.Release|Any CPU.Build.0 = Release|Any CPU
	EndGlobalSection
	GlobalSection(SolutionProperties) = preSolution
		HideSolutionNode = FALSE
	EndGlobalSection
	GlobalSection(ExtensibilityGlobals) = postSolution
		SolutionGuid = {6329616C-DF68-43B6-B839-81F1118FAB29}
	EndGlobalSection
EndGlobal
